
Microsoft Visual Studio Solution File, Format Version 12.00
# Visual Studio Version 17
VisualStudioVersion = 17.3.32922.545
MinimumVisualStudioVersion = 10.0.40219.1
Project("{9A19103F-16F7-4668-BE54-9A1E7A4F7556}") = "Client", "chat app\Client.csproj", "{393AE0F4-720C-4336-B5A6-B80ECDDD1924}"
EndProject
Project("{9A19103F-16F7-4668-BE54-9A1E7A4F7556}") = "Server", "Server\Server.csproj", "{211A866F-7716-41E5-B15B-915D07AA530C}"
EndProject
Global
	GlobalSection(SolutionConfigurationPlatforms) = preSolution
		Debug|Any CPU = Debug|Any CPU
		Release|Any CPU = Release|Any CPU
	EndGlobalSection
	GlobalSection(ProjectConfigurationPlatforms) = postSolution
		{393AE0F4-720C-4336-B5A6-B80ECDDD1924}.Debug|Any CPU.ActiveCfg = Debug|Any CPU
		{393AE0F4-720C-4336-B5A6-B80ECDDD1924}.Debug|Any CPU.Build.0 = Debug|Any CPU
		{393AE0F4-720C-4336-B5A6-B80ECDDD1924}.Release|Any CPU.ActiveCfg = Release|Any CPU
		{393AE0F4-720C-4336-B5A6-B80ECDDD1924}.Release|Any CPU.Build.0 = Release|Any CPU
		{211A866F-7716-41E5-B15B-915D07AA530C}.Debug|Any CPU.ActiveCfg = Debug|Any CPU
		{211A866F-7716-41E5-B15B-915D07AA530C}.Debug|Any CPU.Build.0 = Debug|Any CPU
		{211A866F-7716-41E5-B15B-915D07AA530C}.Release|Any CPU.ActiveCfg = Release|Any CPU
		{211A866F-7716-41E5-B15B-915D07AA530C}.Release|Any CPU.Build.0 = Release|Any CPU
	EndGlobalSection
	GlobalSection(SolutionProperties) = preSolution
		HideSolutionNode = FALSE
	EndGlobalSection
	GlobalSection(ExtensibilityGlobals) = postSolution
		SolutionGuid = {74E80833-F522-4A8C-8033-8396EA9D51E1}
	EndGlobalSection
EndGlobal
